
Microsoft Visual Studio Solution File, Format Version 12.00
# Visual Studio Version 17
VisualStudioVersion = 17.12.35707.178
MinimumVisualStudioVersion = 10.0.40219.1
Project("{FAE04EC0-301F-11D3-BF4B-00C04F79EFBC}") = "PlexCost", "PlexCost\PlexCost.csproj", "{CC4286F6-EF7C-493A-8E1C-259901DF006F}"
EndProject
Project("{E53339B2-1760-4266-BCC7-CA923CBCF16C}") = "docker-compose", "docker-compose.dcproj", "{CD808CB8-1B07-4911-B6CE-168CAB887C94}"
EndProject
Global
	GlobalSection(SolutionConfigurationPlatforms) = preSolution
		Debug|Any CPU = Debug|Any CPU
		Release|Any CPU = Release|Any CPU
	EndGlobalSection
	GlobalSection(ProjectConfigurationPlatforms) = postSolution
		{CC4286F6-EF7C-493A-8E1C-259901DF006F}.Debug|Any CPU.ActiveCfg = Debug|Any CPU
		{CC4286F6-EF7C-493A-8E1C-259901DF006F}.Debug|Any CPU.Build.0 = Debug|Any CPU
		{CC4286F6-EF7C-493A-8E1C-259901DF006F}.Release|Any CPU.ActiveCfg = Release|Any CPU
		{CC4286F6-EF7C-493A-8E1C-259901DF006F}.Release|Any CPU.Build.0 = Release|Any CPU
		{CD808CB8-1B07-4911-B6CE-168CAB887C94}.Debug|Any CPU.ActiveCfg = Debug|Any CPU
		{CD808CB8-1B07-4911-B6CE-168CAB887C94}.Debug|Any CPU.Build.0 = Debug|Any CPU
		{CD808CB8-1B07-4911-B6CE-168CAB887C94}.Release|Any CPU.ActiveCfg = Release|Any CPU
		{CD808CB8-1B07-4911-B6CE-168CAB887C94}.Release|Any CPU.Build.0 = Release|Any CPU
	EndGlobalSection
	GlobalSection(SolutionProperties) = preSolution
		HideSolutionNode = FALSE
	EndGlobalSection
EndGlobal
